
Microsoft Visual Studio Solution File, Format Version 12.00
# Visual Studio Version 16
VisualStudioVersion = 16.0.32228.343
MinimumVisualStudioVersion = 10.0.40219.1
Project("{FAE04EC0-301F-11D3-BF4B-00C04F79EFBC}") = "PhoneBook", "PhoneBook\PhoneBook.csproj", "{7132B09C-22AA-43D0-B9CA-1E1CCC8BFB52}"
EndProject
Global
	GlobalSection(SolutionConfigurationPlatforms) = preSolution
		Debug|Any CPU = Debug|Any CPU
		Release|Any CPU = Release|Any CPU
	EndGlobalSection
	GlobalSection(ProjectConfigurationPlatforms) = postSolution
		{7132B09C-22AA-43D0-B9CA-1E1CCC8BFB52}.Debug|Any CPU.ActiveCfg = Debug|Any CPU
		{7132B09C-22AA-43D0-B9CA-1E1CCC8BFB52}.Debug|Any CPU.Build.0 = Debug|Any CPU
		{7132B09C-22AA-43D0-B9CA-1E1CCC8BFB52}.Release|Any CPU.ActiveCfg = Release|Any CPU
		{7132B09C-22AA-43D0-B9CA-1E1CCC8BFB52}.Release|Any CPU.Build.0 = Release|Any CPU
	EndGlobalSection
	GlobalSection(SolutionProperties) = preSolution
		HideSolutionNode = FALSE
	EndGlobalSection
	GlobalSection(ExtensibilityGlobals) = postSolution
		SolutionGuid = {827C6E33-BA18-473A-AD85-0652F759AFDE}
	EndGlobalSection
EndGlobal
